// !$*UTF8*$!
{
	archiveVersion = 1;
	classes = {
	};
	objectVersion = 56;
	objects = {

/* Begin PBXBuildFile section */
		94E8439E2967F76000D2BFCC /* SwiftUINewappApp.swift in Sources */ = {isa = PBXBuildFile; fileRef = 94E8439D2967F76000D2BFCC /* SwiftUINewappApp.swift */; };
		94E843A02967F76000D2BFCC /* ContentView.swift in Sources */ = {isa = PBXBuildFile; fileRef = 94E8439F2967F76000D2BFCC /* ContentView.swift */; };
		94E843A22967F76100D2BFCC /* Assets.xcassets in Resources */ = {isa = PBXBuildFile; fileRef = 94E843A12967F76100D2BFCC /* Assets.xcassets */; };
		94E843A52967F76100D2BFCC /* Preview Assets.xcassets in Resources */ = {isa = PBXBuildFile; fileRef = 94E843A42967F76100D2BFCC /* Preview Assets.xcassets */; };
		94E843AF2967F76100D2BFCC /* SwiftUINewappTests.swift in Sources */ = {isa = PBXBuildFile; fileRef = 94E843AE2967F76100D2BFCC /* SwiftUINewappTests.swift */; };
		94E843B92967F76100D2BFCC /* SwiftUINewappUITests.swift in Sources */ = {isa = PBXBuildFile; fileRef = 94E843B82967F76100D2BFCC /* SwiftUINewappUITests.swift */; };
		94E843BB2967F76100D2BFCC /* SwiftUINewappUITestsLaunchTests.swift in Sources */ = {isa = PBXBuildFile; fileRef = 94E843BA2967F76100D2BFCC /* SwiftUINewappUITestsLaunchTests.swift */; };
/* End PBXBuildFile section */

/* Begin PBXContainerItemProxy section */
		94E843AB2967F76100D2BFCC /* PBXContainerItemProxy */ = {
			isa = PBXContainerItemProxy;
			containerPortal = 94E843922967F76000D2BFCC /* Project object */;
			proxyType = 1;
			remoteGlobalIDString = 94E843992967F76000D2BFCC;
			remoteInfo = SwiftUINewapp;
		};
		94E843B52967F76100D2BFCC /* PBXContainerItemProxy */ = {
			isa = PBXContainerItemProxy;
			containerPortal = 94E843922967F76000D2BFCC /* Project object */;
			proxyType = 1;
			remoteGlobalIDString = 94E843992967F76000D2BFCC;
			remoteInfo = SwiftUINewapp;
		};
/* End PBXContainerItemProxy section */

/* Begin PBXFileReference section */
		94E8439A2967F76000D2BFCC /* SwiftUINewapp.app */ = {isa = PBXFileReference; explicitFileType = wrapper.application; includeInIndex = 0; path = SwiftUINewapp.app; sourceTree = BUILT_PRODUCTS_DIR; };
		94E8439D2967F76000D2BFCC /* SwiftUINewappApp.swift */ = {isa = PBXFileReference; lastKnownFileType = sourcecode.swift; path = SwiftUINewappApp.swift; sourceTree = "<group>"; };
		94E8439F2967F76000D2BFCC /* ContentView.swift */ = {isa = PBXFileReference; lastKnownFileType = sourcecode.swift; path = ContentView.swift; sourceTree = "<group>"; };
		94E843A12967F76100D2BFCC /* Assets.xcassets */ = {isa = PBXFileReference; lastKnownFileType = folder.assetcatalog; path = Assets.xcassets; sourceTree = "<group>"; };
		94E843A42967F76100D2BFCC /* Preview Assets.xcassets */ = {isa = PBXFileReference; lastKnownFileType = folder.assetcatalog; path = "Preview Assets.xcassets"; sourceTree = "<group>"; };
		94E843AA2967F76100D2BFCC /* SwiftUINewappTests.xctest */ = {isa = PBXFileReference; explicitFileType = wrapper.cfbundle; includeInIndex = 0; path = SwiftUINewappTests.xctest; sourceTree = BUILT_PRODUCTS_DIR; };
		94E843AE2967F76100D2BFCC /* SwiftUINewappTests.swift */ = {isa = PBXFileReference; lastKnownFileType = sourcecode.swift; path = SwiftUINewappTests.swift; sourceTree = "<group>"; };
		94E843B42967F76100D2BFCC /* SwiftUINewappUITests.xctest */ = {isa = PBXFileReference; explicitFileType = wrapper.cfbundle; includeInIndex = 0; path = SwiftUINewappUITests.xctest; sourceTree = BUILT_PRODUCTS_DIR; };
		94E843B82967F76100D2BFCC /* SwiftUINewappUITests.swift */ = {isa = PBXFileReference; lastKnownFileType = sourcecode.swift; path = SwiftUINewappUITests.swift; sourceTree = "<group>"; };
		94E843BA2967F76100D2BFCC /* SwiftUINewappUITestsLaunchTests.swift */ = {isa = PBXFileReference; lastKnownFileType = sourcecode.swift; path = SwiftUINewappUITestsLaunchTests.swift; sourceTree = "<group>"; };
/* End PBXFileReference section */

/* Begin PBXFrameworksBuildPhase section */
		94E843972967F76000D2BFCC /* Frameworks */ = {
			isa = PBXFrameworksBuildPhase;
			buildActionMask = 2147483647;
			files = (
			);
			runOnlyForDeploymentPostprocessing = 0;
		};
		94E843A72967F76100D2BFCC /* Frameworks */ = {
			isa = PBXFrameworksBuildPhase;
			buildActionMask = 2147483647;
			files = (
			);
			runOnlyForDeploymentPostprocessing = 0;
		};
		94E843B12967F76100D2BFCC /* Frameworks */ = {
			isa = PBXFrameworksBuildPhase;
			buildActionMask = 2147483647;
			files = (
			);
			runOnlyForDeploymentPostprocessing = 0;
		};
/* End PBXFrameworksBuildPhase section */

/* Begin PBXGroup section */
		94E843912967F76000D2BFCC = {
			isa = PBXGroup;
			children = (
				94E8439C2967F76000D2BFCC /* SwiftUINewapp */,
				94E843AD2967F76100D2BFCC /* SwiftUINewappTests */,
				94E843B72967F76100D2BFCC /* SwiftUINewappUITests */,
				94E8439B2967F76000D2BFCC /* Products */,
			);
			sourceTree = "<group>";
		};
		94E8439B2967F76000D2BFCC /* Products */ = {
			isa = PBXGroup;
			children = (
				94E8439A2967F76000D2BFCC /* SwiftUINewapp.app */,
				94E843AA2967F76100D2BFCC /* SwiftUINewappTests.xctest */,
				94E843B42967F76100D2BFCC /* SwiftUINewappUITests.xctest */,
			);
			name = Products;
			sourceTree = "<group>";
		};
		94E8439C2967F76000D2BFCC /* SwiftUINewapp */ = {
			isa = PBXGroup;
			children = (
				94E8439D2967F76000D2BFCC /* SwiftUINewappApp.swift */,
				94E8439F2967F76000D2BFCC /* ContentView.swift */,
				94E843A12967F76100D2BFCC /* Assets.xcassets */,
				94E843A32967F76100D2BFCC /* Preview Content */,
			);
			path = SwiftUINewapp;
			sourceTree = "<group>";
		};
		94E843A32967F76100D2BFCC /* Preview Content */ = {
			isa = PBXGroup;
			children = (
				94E843A42967F76100D2BFCC /* Preview Assets.xcassets */,
			);
			path = "Preview Content";
			sourceTree = "<group>";
		};
		94E843AD2967F76100D2BFCC /* SwiftUINewappTests */ = {
			isa = PBXGroup;
			children = (
				94E843AE2967F76100D2BFCC /* SwiftUINewappTests.swift */,
			);
			path = SwiftUINewappTests;
			sourceTree = "<group>";
		};
		94E843B72967F76100D2BFCC /* SwiftUINewappUITests */ = {
			isa = PBXGroup;
			children = (
				94E843B82967F76100D2BFCC /* SwiftUINewappUITests.swift */,
				94E843BA2967F76100D2BFCC /* SwiftUINewappUITestsLaunchTests.swift */,
			);
			path = SwiftUINewappUITests;
			sourceTree = "<group>";
		};
/* End PBXGroup section */

/* Begin PBXNativeTarget section */
		94E843992967F76000D2BFCC /* SwiftUINewapp */ = {
			isa = PBXNativeTarget;
			buildConfigurationList = 94E843BE2967F76100D2BFCC /* Build configuration list for PBXNativeTarget "SwiftUINewapp" */;
			buildPhases = (
				94E843962967F76000D2BFCC /* Sources */,
				94E843972967F76000D2BFCC /* Frameworks */,
				94E843982967F76000D2BFCC /* Resources */,
			);
			buildRules = (
			);
			dependencies = (
			);
			name = SwiftUINewapp;
			productName = SwiftUINewapp;
			productReference = 94E8439A2967F76000D2BFCC /* SwiftUINewapp.app */;
			productType = "com.apple.product-type.application";
		};
		94E843A92967F76100D2BFCC /* SwiftUINewappTests */ = {
			isa = PBXNativeTarget;
			buildConfigurationList = 94E843C12967F76100D2BFCC /* Build configuration list for PBXNativeTarget "SwiftUINewappTests" */;
			buildPhases = (
				94E843A62967F76100D2BFCC /* Sources */,
				94E843A72967F76100D2BFCC /* Frameworks */,
				94E843A82967F76100D2BFCC /* Resources */,
			);
			buildRules = (
			);
			dependencies = (
				94E843AC2967F76100D2BFCC /* PBXTargetDependency */,
			);
			name = SwiftUINewappTests;
			productName = SwiftUINewappTests;
			productReference = 94E843AA2967F76100D2BFCC /* SwiftUINewappTests.xctest */;
			productType = "com.apple.product-type.bundle.unit-test";
		};
		94E843B32967F76100D2BFCC /* SwiftUINewappUITests */ = {
			isa = PBXNativeTarget;
			buildConfigurationList = 94E843C42967F76100D2BFCC /* Build configuration list for PBXNativeTarget "SwiftUINewappUITests" */;
			buildPhases = (
				94E843B02967F76100D2BFCC /* Sources */,
				94E843B12967F76100D2BFCC /* Frameworks */,
				94E843B22967F76100D2BFCC /* Resources */,
			);
			buildRules = (
			);
			dependencies = (
				94E843B62967F76100D2BFCC /* PBXTargetDependency */,
			);
			name = SwiftUINewappUITests;
			productName = SwiftUINewappUITests;
			productReference = 94E843B42967F76100D2BFCC /* SwiftUINewappUITests.xctest */;
			productType = "com.apple.product-type.bundle.ui-testing";
		};
/* End PBXNativeTarget section */

/* Begin PBXProject section */
		94E843922967F76000D2BFCC /* Project object */ = {
			isa = PBXProject;
			attributes = {
				BuildIndependentTargetsInParallel = 1;
				LastSwiftUpdateCheck = 1410;
				LastUpgradeCheck = 1410;
				TargetAttributes = {
					94E843992967F76000D2BFCC = {
						CreatedOnToolsVersion = 14.1;
					};
					94E843A92967F76100D2BFCC = {
						CreatedOnToolsVersion = 14.1;
						TestTargetID = 94E843992967F76000D2BFCC;
					};
					94E843B32967F76100D2BFCC = {
						CreatedOnToolsVersion = 14.1;
						TestTargetID = 94E843992967F76000D2BFCC;
					};
				};
			};
			buildConfigurationList = 94E843952967F76000D2BFCC /* Build configuration list for PBXProject "SwiftUINewapp" */;
			compatibilityVersion = "Xcode 14.0";
			developmentRegion = en;
			hasScannedForEncodings = 0;
			knownRegions = (
				en,
				Base,
			);
			mainGroup = 94E843912967F76000D2BFCC;
			productRefGroup = 94E8439B2967F76000D2BFCC /* Products */;
			projectDirPath = "";
			projectRoot = "";
			targets = (
				94E843992967F76000D2BFCC /* SwiftUINewapp */,
				94E843A92967F76100D2BFCC /* SwiftUINewappTests */,
				94E843B32967F76100D2BFCC /* SwiftUINewappUITests */,
			);
		};
/* End PBXProject section */

/* Begin PBXResourcesBuildPhase section */
		94E843982967F76000D2BFCC /* Resources */ = {
			isa = PBXResourcesBuildPhase;
			buildActionMask = 2147483647;
			files = (
				94E843A52967F76100D2BFCC /* Preview Assets.xcassets in Resources */,
				94E843A22967F76100D2BFCC /* Assets.xcassets in Resources */,
			);
			runOnlyForDeploymentPostprocessing = 0;
		};
		94E843A82967F76100D2BFCC /* Resources */ = {
			isa = PBXResourcesBuildPhase;
			buildActionMask = 2147483647;
			files = (
			);
			runOnlyForDeploymentPostprocessing = 0;
		};
		94E843B22967F76100D2BFCC /* Resources */ = {
			isa = PBXResourcesBuildPhase;
			buildActionMask = 2147483647;
			files = (
			);
			runOnlyForDeploymentPostprocessing = 0;
		};
/* End PBXResourcesBuildPhase section */

/* Begin PBXSourcesBuildPhase section */
		94E843962967F76000D2BFCC /* Sources */ = {
			isa = PBXSourcesBuildPhase;
			buildActionMask = 2147483647;
			files = (
				94E843A02967F76000D2BFCC /* ContentView.swift in Sources */,
				94E8439E2967F76000D2BFCC /* SwiftUINewappApp.swift in Sources */,
			);
			runOnlyForDeploymentPostprocessing = 0;
		};
		94E843A62967F76100D2BFCC /* Sources */ = {
			isa = PBXSourcesBuildPhase;
			buildActionMask = 2147483647;
			files = (
				94E843AF2967F76100D2BFCC /* SwiftUINewappTests.swift in Sources */,
			);
			runOnlyForDeploymentPostprocessing = 0;
		};
		94E843B02967F76100D2BFCC /* Sources */ = {
			isa = PBXSourcesBuildPhase;
			buildActionMask = 2147483647;
			files = (
				94E843B92967F76100D2BFCC /* SwiftUINewappUITests.swift in Sources */,
				94E843BB2967F76100D2BFCC /* SwiftUINewappUITestsLaunchTests.swift in Sources */,
			);
			runOnlyForDeploymentPostprocessing = 0;
		};
/* End PBXSourcesBuildPhase section */

/* Begin PBXTargetDependency section */
		94E843AC2967F76100D2BFCC /* PBXTargetDependency */ = {
			isa = PBXTargetDependency;
			target = 94E843992967F76000D2BFCC /* SwiftUINewapp */;
			targetProxy = 94E843AB2967F76100D2BFCC /* PBXContainerItemProxy */;
		};
		94E843B62967F76100D2BFCC /* PBXTargetDependency */ = {
			isa = PBXTargetDependency;
			target = 94E843992967F76000D2BFCC /* SwiftUINewapp */;
			targetProxy = 94E843B52967F76100D2BFCC /* PBXContainerItemProxy */;
		};
/* End PBXTargetDependency section */

/* Begin XCBuildConfiguration section */
		94E843BC2967F76100D2BFCC /* Debug */ = {
			isa = XCBuildConfiguration;
			buildSettings = {
				ALWAYS_SEARCH_USER_PATHS = NO;
				CLANG_ANALYZER_NONNULL = YES;
				CLANG_ANALYZER_NUMBER_OBJECT_CONVERSION = YES_AGGRESSIVE;
				CLANG_CXX_LANGUAGE_STANDARD = "gnu++20";
				CLANG_ENABLE_MODULES = YES;
				CLANG_ENABLE_OBJC_ARC = YES;
				CLANG_ENABLE_OBJC_WEAK = YES;
				CLANG_WARN_BLOCK_CAPTURE_AUTORELEASING = YES;
				CLANG_WARN_BOOL_CONVERSION = YES;
				CLANG_WARN_COMMA = YES;
				CLANG_WARN_CONSTANT_CONVERSION = YES;
				CLANG_WARN_DEPRECATED_OBJC_IMPLEMENTATIONS = YES;
				CLANG_WARN_DIRECT_OBJC_ISA_USAGE = YES_ERROR;
				CLANG_WARN_DOCUMENTATION_COMMENTS = YES;
				CLANG_WARN_EMPTY_BODY = YES;
				CLANG_WARN_ENUM_CONVERSION = YES;
				CLANG_WARN_INFINITE_RECURSION = YES;
				CLANG_WARN_INT_CONVERSION = YES;
				CLANG_WARN_NON_LITERAL_NULL_CONVERSION = YES;
				CLANG_WARN_OBJC_IMPLICIT_RETAIN_SELF = YES;
				CLANG_WARN_OBJC_LITERAL_CONVERSION = YES;
				CLANG_WARN_OBJC_ROOT_CLASS = YES_ERROR;
				CLANG_WARN_QUOTED_INCLUDE_IN_FRAMEWORK_HEADER = YES;
				CLANG_WARN_RANGE_LOOP_ANALYSIS = YES;
				CLANG_WARN_STRICT_PROTOTYPES = YES;
				CLANG_WARN_SUSPICIOUS_MOVE = YES;
				CLANG_WARN_UNGUARDED_AVAILABILITY = YES_AGGRESSIVE;
				CLANG_WARN_UNREACHABLE_CODE = YES;
				CLANG_WARN__DUPLICATE_METHOD_MATCH = YES;
				COPY_PHASE_STRIP = NO;
				DEBUG_INFORMATION_FORMAT = dwarf;
				ENABLE_STRICT_OBJC_MSGSEND = YES;
				ENABLE_TESTABILITY = YES;
				GCC_C_LANGUAGE_STANDARD = gnu11;
				GCC_DYNAMIC_NO_PIC = NO;
				GCC_NO_COMMON_BLOCKS = YES;
				GCC_OPTIMIZATION_LEVEL = 0;
				GCC_PREPROCESSOR_DEFINITIONS = (
					"DEBUG=1",
					"$(inherited)",
				);
				GCC_WARN_64_TO_32_BIT_CONVERSION = YES;
				GCC_WARN_ABOUT_RETURN_TYPE = YES_ERROR;
				GCC_WARN_UNDECLARED_SELECTOR = YES;
				GCC_WARN_UNINITIALIZED_AUTOS = YES_AGGRESSIVE;
				GCC_WARN_UNUSED_FUNCTION = YES;
				GCC_WARN_UNUSED_VARIABLE = YES;
				IPHONEOS_DEPLOYMENT_TARGET = 16.1;
				MTL_ENABLE_DEBUG_INFO = INCLUDE_SOURCE;
				MTL_FAST_MATH = YES;
				ONLY_ACTIVE_ARCH = YES;
				SDKROOT = iphoneos;
				SWIFT_ACTIVE_COMPILATION_CONDITIONS = DEBUG;
				SWIFT_OPTIMIZATION_LEVEL = "-Onone";
			};
			name = Debug;
		};
		94E843BD2967F76100D2BFCC /* Release */ = {
			isa = XCBuildConfiguration;
			buildSettings = {
				ALWAYS_SEARCH_USER_PATHS = NO;
				CLANG_ANALYZER_NONNULL = YES;
				CLANG_ANALYZER_NUMBER_OBJECT_CONVERSION = YES_AGGRESSIVE;
				CLANG_CXX_LANGUAGE_STANDARD = "gnu++20";
				CLANG_ENABLE_MODULES = YES;
				CLANG_ENABLE_OBJC_ARC = YES;
				CLANG_ENABLE_OBJC_WEAK = YES;
				CLANG_WARN_BLOCK_CAPTURE_AUTORELEASING = YES;
				CLANG_WARN_BOOL_CONVERSION = YES;
				CLANG_WARN_COMMA = YES;
				CLANG_WARN_CONSTANT_CONVERSION = YES;
				CLANG_WARN_DEPRECATED_OBJC_IMPLEMENTATIONS = YES;
				CLANG_WARN_DIRECT_OBJC_ISA_USAGE = YES_ERROR;
				CLANG_WARN_DOCUMENTATION_COMMENTS = YES;
				CLANG_WARN_EMPTY_BODY = YES;
				CLANG_WARN_ENUM_CONVERSION = YES;
				CLANG_WARN_INFINITE_RECURSION = YES;
				CLANG_WARN_INT_CONVERSION = YES;
				CLANG_WARN_NON_LITERAL_NULL_CONVERSION = YES;
				CLANG_WARN_OBJC_IMPLICIT_RETAIN_SELF = YES;
				CLANG_WARN_OBJC_LITERAL_CONVERSION = YES;
				CLANG_WARN_OBJC_ROOT_CLASS = YES_ERROR;
				CLANG_WARN_QUOTED_INCLUDE_IN_FRAMEWORK_HEADER = YES;
				CLANG_WARN_RANGE_LOOP_ANALYSIS = YES;
				CLANG_WARN_STRICT_PROTOTYPES = YES;
				CLANG_WARN_SUSPICIOUS_MOVE = YES;
				CLANG_WARN_UNGUARDED_AVAILABILITY = YES_AGGRESSIVE;
				CLANG_WARN_UNREACHABLE_CODE = YES;
				CLANG_WARN__DUPLICATE_METHOD_MATCH = YES;
				COPY_PHASE_STRIP = NO;
				DEBUG_INFORMATION_FORMAT = "dwarf-with-dsym";
				ENABLE_NS_ASSERTIONS = NO;
				ENABLE_STRICT_OBJC_MSGSEND = YES;
				GCC_C_LANGUAGE_STANDARD = gnu11;
				GCC_NO_COMMON_BLOCKS = YES;
				GCC_WARN_64_TO_32_BIT_CONVERSION = YES;
				GCC_WARN_ABOUT_RETURN_TYPE = YES_ERROR;
				GCC_WARN_UNDECLARED_SELECTOR = YES;
				GCC_WARN_UNINITIALIZED_AUTOS = YES_AGGRESSIVE;
				GCC_WARN_UNUSED_FUNCTION = YES;
				GCC_WARN_UNUSED_VARIABLE = YES;
				IPHONEOS_DEPLOYMENT_TARGET = 16.1;
				MTL_ENABLE_DEBUG_INFO = NO;
				MTL_FAST_MATH = YES;
				SDKROOT = iphoneos;
				SWIFT_COMPILATION_MODE = wholemodule;
				SWIFT_OPTIMIZATION_LEVEL = "-O";
				VALIDATE_PRODUCT = YES;
			};
			name = Release;
		};
		94E843BF2967F76100D2BFCC /* Debug */ = {
			isa = XCBuildConfiguration;
			buildSettings = {
				ASSETCATALOG_COMPILER_APPICON_NAME = AppIcon;
				ASSETCATALOG_COMPILER_GLOBAL_ACCENT_COLOR_NAME = AccentColor;
				CODE_SIGN_STYLE = Automatic;
				CURRENT_PROJECT_VERSION = 1;
				DEVELOPMENT_ASSET_PATHS = "\"SwiftUINewapp/Preview Content\"";
				DEVELOPMENT_TEAM = 564Z8VRTA3;
				ENABLE_PREVIEWS = YES;
				GENERATE_INFOPLIST_FILE = YES;
				INFOPLIST_KEY_UIApplicationSceneManifest_Generation = YES;
				INFOPLIST_KEY_UIApplicationSupportsIndirectInputEvents = YES;
				INFOPLIST_KEY_UILaunchScreen_Generation = YES;
				INFOPLIST_KEY_UISupportedInterfaceOrientations_iPad = "UIInterfaceOrientationPortrait UIInterfaceOrientationPortraitUpsideDown UIInterfaceOrientationLandscapeLeft UIInterfaceOrientationLandscapeRight";
				INFOPLIST_KEY_UISupportedInterfaceOrientations_iPhone = "UIInterfaceOrientationPortrait UIInterfaceOrientationLandscapeLeft UIInterfaceOrientationLandscapeRight";
				LD_RUNPATH_SEARCH_PATHS = (
					"$(inherited)",
					"@executable_path/Frameworks",
				);
				MARKETING_VERSION = 1.0;
				PRODUCT_BUNDLE_IDENTIFIER = com.sahana.SwiftUINewapp;
				PRODUCT_NAME = "$(TARGET_NAME)";
				SWIFT_EMIT_LOC_STRINGS = YES;
				SWIFT_VERSION = 5.0;
				TARGETED_DEVICE_FAMILY = "1,2";
			};
			name = Debug;
		};
		94E843C02967F76100D2BFCC /* Release */ = {
			isa = XCBuildConfiguration;
			buildSettings = {
				ASSETCATALOG_COMPILER_APPICON_NAME = AppIcon;
				ASSETCATALOG_COMPILER_GLOBAL_ACCENT_COLOR_NAME = AccentColor;
				CODE_SIGN_STYLE = Automatic;
				CURRENT_PROJECT_VERSION = 1;
				DEVELOPMENT_ASSET_PATHS = "\"SwiftUINewapp/Preview Content\"";
				DEVELOPMENT_TEAM = 564Z8VRTA3;
				ENABLE_PREVIEWS = YES;
				GENERATE_INFOPLIST_FILE = YES;
				INFOPLIST_KEY_UIApplicationSceneManifest_Generation = YES;
				INFOPLIST_KEY_UIApplicationSupportsIndirectInputEvents = YES;
				INFOPLIST_KEY_UILaunchScreen_Generation = YES;
				INFOPLIST_KEY_UISupportedInterfaceOrientations_iPad = "UIInterfaceOrientationPortrait UIInterfaceOrientationPortraitUpsideDown UIInterfaceOrientationLandscapeLeft UIInterfaceOrientationLandscapeRight";
				INFOPLIST_KEY_UISupportedInterfaceOrientations_iPhone = "UIInterfaceOrientationPortrait UIInterfaceOrientationLandscapeLeft UIInterfaceOrientationLandscapeRight";
				LD_RUNPATH_SEARCH_PATHS = (
					"$(inherited)",
					"@executable_path/Frameworks",
				);
				MARKETING_VERSION = 1.0;
				PRODUCT_BUNDLE_IDENTIFIER = com.sahana.SwiftUINewapp;
				PRODUCT_NAME = "$(TARGET_NAME)";
				SWIFT_EMIT_LOC_STRINGS = YES;
				SWIFT_VERSION = 5.0;
				TARGETED_DEVICE_FAMILY = "1,2";
			};
			name = Release;
		};
		94E843C22967F76100D2BFCC /* Debug */ = {
			isa = XCBuildConfiguration;
			buildSettings = {
				ALWAYS_EMBED_SWIFT_STANDARD_LIBRARIES = YES;
				BUNDLE_LOADER = "$(TEST_HOST)";
				CODE_SIGN_STYLE = Automatic;
				CURRENT_PROJECT_VERSION = 1;
				DEVELOPMENT_TEAM = 564Z8VRTA3;
				GENERATE_INFOPLIST_FILE = YES;
				IPHONEOS_DEPLOYMENT_TARGET = 16.1;
				MARKETING_VERSION = 1.0;
				PRODUCT_BUNDLE_IDENTIFIER = com.sahana.SwiftUINewappTests;
				PRODUCT_NAME = "$(TARGET_NAME)";
				SWIFT_EMIT_LOC_STRINGS = NO;
				SWIFT_VERSION = 5.0;
				TARGETED_DEVICE_FAMILY = "1,2";
				TEST_HOST = "$(BUILT_PRODUCTS_DIR)/SwiftUINewapp.app/$(BUNDLE_EXECUTABLE_FOLDER_PATH)/SwiftUINewapp";
			};
			name = Debug;
		};
		94E843C32967F76100D2BFCC /* Release */ = {
			isa = XCBuildConfiguration;
			buildSettings = {
				ALWAYS_EMBED_SWIFT_STANDARD_LIBRARIES = YES;
				BUNDLE_LOADER = "$(TEST_HOST)";
				CODE_SIGN_STYLE = Automatic;
				CURRENT_PROJECT_VERSION = 1;
				DEVELOPMENT_TEAM = 564Z8VRTA3;
				GENERATE_INFOPLIST_FILE = YES;
				IPHONEOS_DEPLOYMENT_TARGET = 16.1;
				MARKETING_VERSION = 1.0;
				PRODUCT_BUNDLE_IDENTIFIER = com.sahana.SwiftUINewappTests;
				PRODUCT_NAME = "$(TARGET_NAME)";
				SWIFT_EMIT_LOC_STRINGS = NO;
				SWIFT_VERSION = 5.0;
				TARGETED_DEVICE_FAMILY = "1,2";
				TEST_HOST = "$(BUILT_PRODUCTS_DIR)/SwiftUINewapp.app/$(BUNDLE_EXECUTABLE_FOLDER_PATH)/SwiftUINewapp";
			};
			name = Release;
		};
		94E843C52967F76100D2BFCC /* Debug */ = {
			isa = XCBuildConfiguration;
			buildSettings = {
				ALWAYS_EMBED_SWIFT_STANDARD_LIBRARIES = YES;
				CODE_SIGN_STYLE = Automatic;
				CURRENT_PROJECT_VERSION = 1;
				DEVELOPMENT_TEAM = 564Z8VRTA3;
				GENERATE_INFOPLIST_FILE = YES;
				MARKETING_VERSION = 1.0;
				PRODUCT_BUNDLE_IDENTIFIER = com.sahana.SwiftUINewappUITests;
				PRODUCT_NAME = "$(TARGET_NAME)";
				SWIFT_EMIT_LOC_STRINGS = NO;
				SWIFT_VERSION = 5.0;
				TARGETED_DEVICE_FAMILY = "1,2";
				TEST_TARGET_NAME = SwiftUINewapp;
			};
			name = Debug;
		};
		94E843C62967F76100D2BFCC /* Release */ = {
			isa = XCBuildConfiguration;
			buildSettings = {
				ALWAYS_EMBED_SWIFT_STANDARD_LIBRARIES = YES;
				CODE_SIGN_STYLE = Automatic;
				CURRENT_PROJECT_VERSION = 1;
				DEVELOPMENT_TEAM = 564Z8VRTA3;
				GENERATE_INFOPLIST_FILE = YES;
				MARKETING_VERSION = 1.0;
				PRODUCT_BUNDLE_IDENTIFIER = com.sahana.SwiftUINewappUITests;
				PRODUCT_NAME = "$(TARGET_NAME)";
				SWIFT_EMIT_LOC_STRINGS = NO;
				SWIFT_VERSION = 5.0;
				TARGETED_DEVICE_FAMILY = "1,2";
				TEST_TARGET_NAME = SwiftUINewapp;
			};
			name = Release;
		};
/* End XCBuildConfiguration section */

/* Begin XCConfigurationList section */
		94E843952967F76000D2BFCC /* Build configuration list for PBXProject "SwiftUINewapp" */ = {
			isa = XCConfigurationList;
			buildConfigurations = (
				94E843BC2967F76100D2BFCC /* Debug */,
				94E843BD2967F76100D2BFCC /* Release */,
			);
			defaultConfigurationIsVisible = 0;
			defaultConfigurationName = Release;
		};
		94E843BE2967F76100D2BFCC /* Build configuration list for PBXNativeTarget "SwiftUINewapp" */ = {
			isa = XCConfigurationList;
			buildConfigurations = (
				94E843BF2967F76100D2BFCC /* Debug */,
				94E843C02967F76100D2BFCC /* Release */,
			);
			defaultConfigurationIsVisible = 0;
			defaultConfigurationName = Release;
		};
		94E843C12967F76100D2BFCC /* Build configuration list for PBXNativeTarget "SwiftUINewappTests" */ = {
			isa = XCConfigurationList;
			buildConfigurations = (
				94E843C22967F76100D2BFCC /* Debug */,
				94E843C32967F76100D2BFCC /* Release */,
			);
			defaultConfigurationIsVisible = 0;
			defaultConfigurationName = Release;
		};
		94E843C42967F76100D2BFCC /* Build configuration list for PBXNativeTarget "SwiftUINewappUITests" */ = {
			isa = XCConfigurationList;
			buildConfigurations = (
				94E843C52967F76100D2BFCC /* Debug */,
				94E843C62967F76100D2BFCC /* Release */,
			);
			defaultConfigurationIsVisible = 0;
			defaultConfigurationName = Release;
		};
/* End XCConfigurationList section */
	};
	rootObject = 94E843922967F76000D2BFCC /* Project object */;
}
