// !$*UTF8*$!
{
	archiveVersion = 1;
	classes = {
	};
	objectVersion = 56;
	objects = {

/* Begin PBXBuildFile section */
		940AAECB29691CBA00F0324E /* WeatherAPIService.swift in Sources */ = {isa = PBXBuildFile; fileRef = 940AAECA29691CBA00F0324E /* WeatherAPIService.swift */; };
		940AAECD29691E9A00F0324E /* Weather.swift in Sources */ = {isa = PBXBuildFile; fileRef = 940AAECC29691E9A00F0324E /* Weather.swift */; };
		940AAED029695CE200F0324E /* LocationManager.swift in Sources */ = {isa = PBXBuildFile; fileRef = 940AAECF29695CE200F0324E /* LocationManager.swift */; };
		940AAED529696A9F00F0324E /* WelcomeView.swift in Sources */ = {isa = PBXBuildFile; fileRef = 940AAED429696A9F00F0324E /* WelcomeView.swift */; };
		940AAED92969A13900F0324E /* LoadingView.swift in Sources */ = {isa = PBXBuildFile; fileRef = 940AAED82969A13900F0324E /* LoadingView.swift */; };
		94972C08296A685B0042953F /* WeatherView.swift in Sources */ = {isa = PBXBuildFile; fileRef = 94972C07296A685B0042953F /* WeatherView.swift */; };
		94972C0A296ABD940042953F /* ModelData.swift in Sources */ = {isa = PBXBuildFile; fileRef = 94972C09296ABD930042953F /* ModelData.swift */; };
		94972C12296ABF240042953F /* weatherData.json in Resources */ = {isa = PBXBuildFile; fileRef = 94972C11296ABF240042953F /* weatherData.json */; };
		94972C14296C2E440042953F /* Extensions.swift in Sources */ = {isa = PBXBuildFile; fileRef = 94972C13296C2E440042953F /* Extensions.swift */; };
		94972C16296C373E0042953F /* WeatherRow.swift in Sources */ = {isa = PBXBuildFile; fileRef = 94972C15296C373E0042953F /* WeatherRow.swift */; };
		94E8439E2967F76000D2BFCC /* SwiftUINewappApp.swift in Sources */ = {isa = PBXBuildFile; fileRef = 94E8439D2967F76000D2BFCC /* SwiftUINewappApp.swift */; };
		94E843A02967F76000D2BFCC /* ContentView.swift in Sources */ = {isa = PBXBuildFile; fileRef = 94E8439F2967F76000D2BFCC /* ContentView.swift */; };
		94E843A22967F76100D2BFCC /* Assets.xcassets in Resources */ = {isa = PBXBuildFile; fileRef = 94E843A12967F76100D2BFCC /* Assets.xcassets */; };
		94E843A52967F76100D2BFCC /* Preview Assets.xcassets in Resources */ = {isa = PBXBuildFile; fileRef = 94E843A42967F76100D2BFCC /* Preview Assets.xcassets */; };
		94E843C82968317000D2BFCC /* WeatherButton.swift in Sources */ = {isa = PBXBuildFile; fileRef = 94E843C72968317000D2BFCC /* WeatherButton.swift */; };
/* End PBXBuildFile section */

/* Begin PBXFileReference section */
		940AAECA29691CBA00F0324E /* WeatherAPIService.swift */ = {isa = PBXFileReference; lastKnownFileType = sourcecode.swift; path = WeatherAPIService.swift; sourceTree = "<group>"; };
		940AAECC29691E9A00F0324E /* Weather.swift */ = {isa = PBXFileReference; lastKnownFileType = sourcecode.swift; path = Weather.swift; sourceTree = "<group>"; };
		940AAECF29695CE200F0324E /* LocationManager.swift */ = {isa = PBXFileReference; lastKnownFileType = sourcecode.swift; path = LocationManager.swift; sourceTree = "<group>"; };
		940AAED1296968A700F0324E /* Info.plist */ = {isa = PBXFileReference; lastKnownFileType = text.plist; path = Info.plist; sourceTree = "<group>"; };
		940AAED429696A9F00F0324E /* WelcomeView.swift */ = {isa = PBXFileReference; lastKnownFileType = sourcecode.swift; path = WelcomeView.swift; sourceTree = "<group>"; };
		940AAED82969A13900F0324E /* LoadingView.swift */ = {isa = PBXFileReference; lastKnownFileType = sourcecode.swift; path = LoadingView.swift; sourceTree = "<group>"; };
		94972C07296A685B0042953F /* WeatherView.swift */ = {isa = PBXFileReference; lastKnownFileType = sourcecode.swift; path = WeatherView.swift; sourceTree = "<group>"; };
		94972C09296ABD930042953F /* ModelData.swift */ = {isa = PBXFileReference; lastKnownFileType = sourcecode.swift; path = ModelData.swift; sourceTree = "<group>"; };
		94972C11296ABF240042953F /* weatherData.json */ = {isa = PBXFileReference; lastKnownFileType = text.json; path = weatherData.json; sourceTree = "<group>"; };
		94972C13296C2E440042953F /* Extensions.swift */ = {isa = PBXFileReference; lastKnownFileType = sourcecode.swift; path = Extensions.swift; sourceTree = "<group>"; };
		94972C15296C373E0042953F /* WeatherRow.swift */ = {isa = PBXFileReference; lastKnownFileType = sourcecode.swift; path = WeatherRow.swift; sourceTree = "<group>"; };
		94E8439A2967F76000D2BFCC /* WeatherAppUsingSwiftUI.app */ = {isa = PBXFileReference; explicitFileType = wrapper.application; includeInIndex = 0; path = WeatherAppUsingSwiftUI.app; sourceTree = BUILT_PRODUCTS_DIR; };
		94E8439D2967F76000D2BFCC /* SwiftUINewappApp.swift */ = {isa = PBXFileReference; lastKnownFileType = sourcecode.swift; path = SwiftUINewappApp.swift; sourceTree = "<group>"; };
		94E8439F2967F76000D2BFCC /* ContentView.swift */ = {isa = PBXFileReference; lastKnownFileType = sourcecode.swift; path = ContentView.swift; sourceTree = "<group>"; };
		94E843A12967F76100D2BFCC /* Assets.xcassets */ = {isa = PBXFileReference; lastKnownFileType = folder.assetcatalog; path = Assets.xcassets; sourceTree = "<group>"; };
		94E843A42967F76100D2BFCC /* Preview Assets.xcassets */ = {isa = PBXFileReference; lastKnownFileType = folder.assetcatalog; path = "Preview Assets.xcassets"; sourceTree = "<group>"; };
		94E843C72968317000D2BFCC /* WeatherButton.swift */ = {isa = PBXFileReference; lastKnownFileType = sourcecode.swift; path = WeatherButton.swift; sourceTree = "<group>"; };
/* End PBXFileReference section */

/* Begin PBXFrameworksBuildPhase section */
		94E843972967F76000D2BFCC /* Frameworks */ = {
			isa = PBXFrameworksBuildPhase;
			buildActionMask = 2147483647;
			files = (
			);
			runOnlyForDeploymentPostprocessing = 0;
		};
/* End PBXFrameworksBuildPhase section */

/* Begin PBXGroup section */
		940AAECE29695CB600F0324E /* Manager */ = {
			isa = PBXGroup;
			children = (
				940AAECA29691CBA00F0324E /* WeatherAPIService.swift */,
				94E8439D2967F76000D2BFCC /* SwiftUINewappApp.swift */,
				940AAECF29695CE200F0324E /* LocationManager.swift */,
			);
			path = Manager;
			sourceTree = "<group>";
		};
		940AAED2296969B300F0324E /* Views */ = {
			isa = PBXGroup;
			children = (
				94E8439F2967F76000D2BFCC /* ContentView.swift */,
				94E843C72968317000D2BFCC /* WeatherButton.swift */,
				940AAED429696A9F00F0324E /* WelcomeView.swift */,
				940AAED82969A13900F0324E /* LoadingView.swift */,
				94972C07296A685B0042953F /* WeatherView.swift */,
				94972C15296C373E0042953F /* WeatherRow.swift */,
			);
			path = Views;
			sourceTree = "<group>";
		};
		940AAED3296969D600F0324E /* Model */ = {
			isa = PBXGroup;
			children = (
				940AAECC29691E9A00F0324E /* Weather.swift */,
			);
			path = Model;
			sourceTree = "<group>";
		};
		94E843912967F76000D2BFCC = {
			isa = PBXGroup;
			children = (
				94E8439C2967F76000D2BFCC /* WeatherAppUsingSwiftUI */,
				94E8439B2967F76000D2BFCC /* Products */,
			);
			sourceTree = "<group>";
		};
		94E8439B2967F76000D2BFCC /* Products */ = {
			isa = PBXGroup;
			children = (
				94E8439A2967F76000D2BFCC /* WeatherAppUsingSwiftUI.app */,
			);
			name = Products;
			sourceTree = "<group>";
		};
		94E8439C2967F76000D2BFCC /* WeatherAppUsingSwiftUI */ = {
			isa = PBXGroup;
			children = (
				940AAED1296968A700F0324E /* Info.plist */,
				940AAED3296969D600F0324E /* Model */,
				940AAED2296969B300F0324E /* Views */,
				940AAECE29695CB600F0324E /* Manager */,
				94E843A12967F76100D2BFCC /* Assets.xcassets */,
				94972C13296C2E440042953F /* Extensions.swift */,
				94E843A32967F76100D2BFCC /* Preview Content */,
			);
			path = WeatherAppUsingSwiftUI;
			sourceTree = "<group>";
		};
		94E843A32967F76100D2BFCC /* Preview Content */ = {
			isa = PBXGroup;
			children = (
				94E843A42967F76100D2BFCC /* Preview Assets.xcassets */,
				94972C09296ABD930042953F /* ModelData.swift */,
				94972C11296ABF240042953F /* weatherData.json */,
			);
			path = "Preview Content";
			sourceTree = "<group>";
		};
/* End PBXGroup section */

/* Begin PBXNativeTarget section */
		94E843992967F76000D2BFCC /* WeatherAppUsingSwiftUI */ = {
			isa = PBXNativeTarget;
			buildConfigurationList = 94E843BE2967F76100D2BFCC /* Build configuration list for PBXNativeTarget "WeatherAppUsingSwiftUI" */;
			buildPhases = (
				94E843962967F76000D2BFCC /* Sources */,
				94E843972967F76000D2BFCC /* Frameworks */,
				94E843982967F76000D2BFCC /* Resources */,
			);
			buildRules = (
			);
			dependencies = (
			);
			name = WeatherAppUsingSwiftUI;
			productName = SwiftUINewapp;
			productReference = 94E8439A2967F76000D2BFCC /* WeatherAppUsingSwiftUI.app */;
			productType = "com.apple.product-type.application";
		};
/* End PBXNativeTarget section */

/* Begin PBXProject section */
		94E843922967F76000D2BFCC /* Project object */ = {
			isa = PBXProject;
			attributes = {
				BuildIndependentTargetsInParallel = 1;
				LastSwiftUpdateCheck = 1410;
				LastUpgradeCheck = 1410;
				TargetAttributes = {
					94E843992967F76000D2BFCC = {
						CreatedOnToolsVersion = 14.1;
					};
				};
			};
			buildConfigurationList = 94E843952967F76000D2BFCC /* Build configuration list for PBXProject "WeatherAppUsingSwiftUI" */;
			compatibilityVersion = "Xcode 14.0";
			developmentRegion = en;
			hasScannedForEncodings = 0;
			knownRegions = (
				en,
				Base,
			);
			mainGroup = 94E843912967F76000D2BFCC;
			productRefGroup = 94E8439B2967F76000D2BFCC /* Products */;
			projectDirPath = "";
			projectRoot = "";
			targets = (
				94E843992967F76000D2BFCC /* WeatherAppUsingSwiftUI */,
			);
		};
/* End PBXProject section */

/* Begin PBXResourcesBuildPhase section */
		94E843982967F76000D2BFCC /* Resources */ = {
			isa = PBXResourcesBuildPhase;
			buildActionMask = 2147483647;
			files = (
				94E843A52967F76100D2BFCC /* Preview Assets.xcassets in Resources */,
				94972C12296ABF240042953F /* weatherData.json in Resources */,
				94E843A22967F76100D2BFCC /* Assets.xcassets in Resources */,
			);
			runOnlyForDeploymentPostprocessing = 0;
		};
/* End PBXResourcesBuildPhase section */

/* Begin PBXSourcesBuildPhase section */
		94E843962967F76000D2BFCC /* Sources */ = {
			isa = PBXSourcesBuildPhase;
			buildActionMask = 2147483647;
			files = (
				94E843A02967F76000D2BFCC /* ContentView.swift in Sources */,
				940AAECB29691CBA00F0324E /* WeatherAPIService.swift in Sources */,
				940AAED029695CE200F0324E /* LocationManager.swift in Sources */,
				94972C16296C373E0042953F /* WeatherRow.swift in Sources */,
				94E8439E2967F76000D2BFCC /* SwiftUINewappApp.swift in Sources */,
				94E843C82968317000D2BFCC /* WeatherButton.swift in Sources */,
				94972C0A296ABD940042953F /* ModelData.swift in Sources */,
				940AAED92969A13900F0324E /* LoadingView.swift in Sources */,
				94972C08296A685B0042953F /* WeatherView.swift in Sources */,
				940AAECD29691E9A00F0324E /* Weather.swift in Sources */,
				94972C14296C2E440042953F /* Extensions.swift in Sources */,
				940AAED529696A9F00F0324E /* WelcomeView.swift in Sources */,
			);
			runOnlyForDeploymentPostprocessing = 0;
		};
/* End PBXSourcesBuildPhase section */

/* Begin XCBuildConfiguration section */
		94E843BC2967F76100D2BFCC /* Debug */ = {
			isa = XCBuildConfiguration;
			buildSettings = {
				ALWAYS_SEARCH_USER_PATHS = NO;
				CLANG_ANALYZER_NONNULL = YES;
				CLANG_ANALYZER_NUMBER_OBJECT_CONVERSION = YES_AGGRESSIVE;
				CLANG_CXX_LANGUAGE_STANDARD = "gnu++20";
				CLANG_ENABLE_MODULES = YES;
				CLANG_ENABLE_OBJC_ARC = YES;
				CLANG_ENABLE_OBJC_WEAK = YES;
				CLANG_WARN_BLOCK_CAPTURE_AUTORELEASING = YES;
				CLANG_WARN_BOOL_CONVERSION = YES;
				CLANG_WARN_COMMA = YES;
				CLANG_WARN_CONSTANT_CONVERSION = YES;
				CLANG_WARN_DEPRECATED_OBJC_IMPLEMENTATIONS = YES;
				CLANG_WARN_DIRECT_OBJC_ISA_USAGE = YES_ERROR;
				CLANG_WARN_DOCUMENTATION_COMMENTS = YES;
				CLANG_WARN_EMPTY_BODY = YES;
				CLANG_WARN_ENUM_CONVERSION = YES;
				CLANG_WARN_INFINITE_RECURSION = YES;
				CLANG_WARN_INT_CONVERSION = YES;
				CLANG_WARN_NON_LITERAL_NULL_CONVERSION = YES;
				CLANG_WARN_OBJC_IMPLICIT_RETAIN_SELF = YES;
				CLANG_WARN_OBJC_LITERAL_CONVERSION = YES;
				CLANG_WARN_OBJC_ROOT_CLASS = YES_ERROR;
				CLANG_WARN_QUOTED_INCLUDE_IN_FRAMEWORK_HEADER = YES;
				CLANG_WARN_RANGE_LOOP_ANALYSIS = YES;
				CLANG_WARN_STRICT_PROTOTYPES = YES;
				CLANG_WARN_SUSPICIOUS_MOVE = YES;
				CLANG_WARN_UNGUARDED_AVAILABILITY = YES_AGGRESSIVE;
				CLANG_WARN_UNREACHABLE_CODE = YES;
				CLANG_WARN__DUPLICATE_METHOD_MATCH = YES;
				COPY_PHASE_STRIP = NO;
				DEBUG_INFORMATION_FORMAT = dwarf;
				ENABLE_STRICT_OBJC_MSGSEND = YES;
				ENABLE_TESTABILITY = YES;
				GCC_C_LANGUAGE_STANDARD = gnu11;
				GCC_DYNAMIC_NO_PIC = NO;
				GCC_NO_COMMON_BLOCKS = YES;
				GCC_OPTIMIZATION_LEVEL = 0;
				GCC_PREPROCESSOR_DEFINITIONS = (
					"DEBUG=1",
					"$(inherited)",
				);
				GCC_WARN_64_TO_32_BIT_CONVERSION = YES;
				GCC_WARN_ABOUT_RETURN_TYPE = YES_ERROR;
				GCC_WARN_UNDECLARED_SELECTOR = YES;
				GCC_WARN_UNINITIALIZED_AUTOS = YES_AGGRESSIVE;
				GCC_WARN_UNUSED_FUNCTION = YES;
				GCC_WARN_UNUSED_VARIABLE = YES;
				IPHONEOS_DEPLOYMENT_TARGET = 16.1;
				MTL_ENABLE_DEBUG_INFO = INCLUDE_SOURCE;
				MTL_FAST_MATH = YES;
				ONLY_ACTIVE_ARCH = YES;
				SDKROOT = iphoneos;
				SWIFT_ACTIVE_COMPILATION_CONDITIONS = DEBUG;
				SWIFT_OPTIMIZATION_LEVEL = "-Onone";
			};
			name = Debug;
		};
		94E843BD2967F76100D2BFCC /* Release */ = {
			isa = XCBuildConfiguration;
			buildSettings = {
				ALWAYS_SEARCH_USER_PATHS = NO;
				CLANG_ANALYZER_NONNULL = YES;
				CLANG_ANALYZER_NUMBER_OBJECT_CONVERSION = YES_AGGRESSIVE;
				CLANG_CXX_LANGUAGE_STANDARD = "gnu++20";
				CLANG_ENABLE_MODULES = YES;
				CLANG_ENABLE_OBJC_ARC = YES;
				CLANG_ENABLE_OBJC_WEAK = YES;
				CLANG_WARN_BLOCK_CAPTURE_AUTORELEASING = YES;
				CLANG_WARN_BOOL_CONVERSION = YES;
				CLANG_WARN_COMMA = YES;
				CLANG_WARN_CONSTANT_CONVERSION = YES;
				CLANG_WARN_DEPRECATED_OBJC_IMPLEMENTATIONS = YES;
				CLANG_WARN_DIRECT_OBJC_ISA_USAGE = YES_ERROR;
				CLANG_WARN_DOCUMENTATION_COMMENTS = YES;
				CLANG_WARN_EMPTY_BODY = YES;
				CLANG_WARN_ENUM_CONVERSION = YES;
				CLANG_WARN_INFINITE_RECURSION = YES;
				CLANG_WARN_INT_CONVERSION = YES;
				CLANG_WARN_NON_LITERAL_NULL_CONVERSION = YES;
				CLANG_WARN_OBJC_IMPLICIT_RETAIN_SELF = YES;
				CLANG_WARN_OBJC_LITERAL_CONVERSION = YES;
				CLANG_WARN_OBJC_ROOT_CLASS = YES_ERROR;
				CLANG_WARN_QUOTED_INCLUDE_IN_FRAMEWORK_HEADER = YES;
				CLANG_WARN_RANGE_LOOP_ANALYSIS = YES;
				CLANG_WARN_STRICT_PROTOTYPES = YES;
				CLANG_WARN_SUSPICIOUS_MOVE = YES;
				CLANG_WARN_UNGUARDED_AVAILABILITY = YES_AGGRESSIVE;
				CLANG_WARN_UNREACHABLE_CODE = YES;
				CLANG_WARN__DUPLICATE_METHOD_MATCH = YES;
				COPY_PHASE_STRIP = NO;
				DEBUG_INFORMATION_FORMAT = "dwarf-with-dsym";
				ENABLE_NS_ASSERTIONS = NO;
				ENABLE_STRICT_OBJC_MSGSEND = YES;
				GCC_C_LANGUAGE_STANDARD = gnu11;
				GCC_NO_COMMON_BLOCKS = YES;
				GCC_WARN_64_TO_32_BIT_CONVERSION = YES;
				GCC_WARN_ABOUT_RETURN_TYPE = YES_ERROR;
				GCC_WARN_UNDECLARED_SELECTOR = YES;
				GCC_WARN_UNINITIALIZED_AUTOS = YES_AGGRESSIVE;
				GCC_WARN_UNUSED_FUNCTION = YES;
				GCC_WARN_UNUSED_VARIABLE = YES;
				IPHONEOS_DEPLOYMENT_TARGET = 16.1;
				MTL_ENABLE_DEBUG_INFO = NO;
				MTL_FAST_MATH = YES;
				SDKROOT = iphoneos;
				SWIFT_COMPILATION_MODE = wholemodule;
				SWIFT_OPTIMIZATION_LEVEL = "-O";
				VALIDATE_PRODUCT = YES;
			};
			name = Release;
		};
		94E843BF2967F76100D2BFCC /* Debug */ = {
			isa = XCBuildConfiguration;
			buildSettings = {
				ASSETCATALOG_COMPILER_APPICON_NAME = AppIcon;
				ASSETCATALOG_COMPILER_GLOBAL_ACCENT_COLOR_NAME = AccentColor;
				CODE_SIGN_STYLE = Automatic;
				CURRENT_PROJECT_VERSION = 1;
				DEVELOPMENT_ASSET_PATHS = "\"WeatherAppUsingSwiftUI/Preview Content\"";
				DEVELOPMENT_TEAM = 564Z8VRTA3;
				ENABLE_PREVIEWS = YES;
				GENERATE_INFOPLIST_FILE = YES;
				INFOPLIST_FILE = WeatherAppUsingSwiftUI/Info.plist;
				INFOPLIST_KEY_UIApplicationSceneManifest_Generation = YES;
				INFOPLIST_KEY_UIApplicationSupportsIndirectInputEvents = YES;
				INFOPLIST_KEY_UILaunchScreen_Generation = YES;
				INFOPLIST_KEY_UISupportedInterfaceOrientations_iPad = "UIInterfaceOrientationPortrait UIInterfaceOrientationPortraitUpsideDown UIInterfaceOrientationLandscapeLeft UIInterfaceOrientationLandscapeRight";
				INFOPLIST_KEY_UISupportedInterfaceOrientations_iPhone = "UIInterfaceOrientationPortrait UIInterfaceOrientationLandscapeLeft UIInterfaceOrientationLandscapeRight";
				LD_RUNPATH_SEARCH_PATHS = (
					"$(inherited)",
					"@executable_path/Frameworks",
				);
				MARKETING_VERSION = 1.0;
				PRODUCT_BUNDLE_IDENTIFIER = com.sahana.WeatherAppUsingSwiftUI;
				PRODUCT_NAME = "$(TARGET_NAME)";
				SWIFT_EMIT_LOC_STRINGS = YES;
				SWIFT_VERSION = 5.0;
				TARGETED_DEVICE_FAMILY = "1,2";
			};
			name = Debug;
		};
		94E843C02967F76100D2BFCC /* Release */ = {
			isa = XCBuildConfiguration;
			buildSettings = {
				ASSETCATALOG_COMPILER_APPICON_NAME = AppIcon;
				ASSETCATALOG_COMPILER_GLOBAL_ACCENT_COLOR_NAME = AccentColor;
				CODE_SIGN_STYLE = Automatic;
				CURRENT_PROJECT_VERSION = 1;
				DEVELOPMENT_ASSET_PATHS = "\"WeatherAppUsingSwiftUI/Preview Content\"";
				DEVELOPMENT_TEAM = 564Z8VRTA3;
				ENABLE_PREVIEWS = YES;
				GENERATE_INFOPLIST_FILE = YES;
				INFOPLIST_FILE = WeatherAppUsingSwiftUI/Info.plist;
				INFOPLIST_KEY_UIApplicationSceneManifest_Generation = YES;
				INFOPLIST_KEY_UIApplicationSupportsIndirectInputEvents = YES;
				INFOPLIST_KEY_UILaunchScreen_Generation = YES;
				INFOPLIST_KEY_UISupportedInterfaceOrientations_iPad = "UIInterfaceOrientationPortrait UIInterfaceOrientationPortraitUpsideDown UIInterfaceOrientationLandscapeLeft UIInterfaceOrientationLandscapeRight";
				INFOPLIST_KEY_UISupportedInterfaceOrientations_iPhone = "UIInterfaceOrientationPortrait UIInterfaceOrientationLandscapeLeft UIInterfaceOrientationLandscapeRight";
				LD_RUNPATH_SEARCH_PATHS = (
					"$(inherited)",
					"@executable_path/Frameworks",
				);
				MARKETING_VERSION = 1.0;
				PRODUCT_BUNDLE_IDENTIFIER = com.sahana.WeatherAppUsingSwiftUI;
				PRODUCT_NAME = "$(TARGET_NAME)";
				SWIFT_EMIT_LOC_STRINGS = YES;
				SWIFT_VERSION = 5.0;
				TARGETED_DEVICE_FAMILY = "1,2";
			};
			name = Release;
		};
/* End XCBuildConfiguration section */

/* Begin XCConfigurationList section */
		94E843952967F76000D2BFCC /* Build configuration list for PBXProject "WeatherAppUsingSwiftUI" */ = {
			isa = XCConfigurationList;
			buildConfigurations = (
				94E843BC2967F76100D2BFCC /* Debug */,
				94E843BD2967F76100D2BFCC /* Release */,
			);
			defaultConfigurationIsVisible = 0;
			defaultConfigurationName = Release;
		};
		94E843BE2967F76100D2BFCC /* Build configuration list for PBXNativeTarget "WeatherAppUsingSwiftUI" */ = {
			isa = XCConfigurationList;
			buildConfigurations = (
				94E843BF2967F76100D2BFCC /* Debug */,
				94E843C02967F76100D2BFCC /* Release */,
			);
			defaultConfigurationIsVisible = 0;
			defaultConfigurationName = Release;
		};
/* End XCConfigurationList section */
	};
	rootObject = 94E843922967F76000D2BFCC /* Project object */;
}
